
Microsoft Visual Studio Solution File, Format Version 12.00
# Visual Studio Version 17
VisualStudioVersion = 17.13.35806.99 d17.13
MinimumVisualStudioVersion = 10.0.40219.1
Project("{FAE04EC0-301F-11D3-BF4B-00C04F79EFBC}") = "PRUEBA DAPPER", "PRUEBA DAPPER.csproj", "{8D595319-7040-48FF-8E74-5C982DC53855}"
EndProject
Global
	GlobalSection(SolutionConfigurationPlatforms) = preSolution
		Debug|Any CPU = Debug|Any CPU
		Release|Any CPU = Release|Any CPU
	EndGlobalSection
	GlobalSection(ProjectConfigurationPlatforms) = postSolution
		{8D595319-7040-48FF-8E74-5C982DC53855}.Debug|Any CPU.ActiveCfg = Debug|Any CPU
		{8D595319-7040-48FF-8E74-5C982DC53855}.Debug|Any CPU.Build.0 = Debug|Any CPU
		{8D595319-7040-48FF-8E74-5C982DC53855}.Release|Any CPU.ActiveCfg = Release|Any CPU
		{8D595319-7040-48FF-8E74-5C982DC53855}.Release|Any CPU.Build.0 = Release|Any CPU
	EndGlobalSection
	GlobalSection(SolutionProperties) = preSolution
		HideSolutionNode = FALSE
	EndGlobalSection
	GlobalSection(ExtensibilityGlobals) = postSolution
		SolutionGuid = {CE3FFDA6-7E2F-4783-B550-3E2EDCE2909E}
	EndGlobalSection
EndGlobal
